// !$*UTF8*$!
{
	archiveVersion = 1;
	classes = {
	};
	objectVersion = 55;
	objects = {

/* Begin PBXBuildFile section */
		833973F927AAE95D002E6AAA /* Date.swift in Sources */ = {isa = PBXBuildFile; fileRef = 833973F827AAE95D002E6AAA /* Date.swift */; };
		833973FD27AAEDC2002E6AAA /* DivisionItem.swift in Sources */ = {isa = PBXBuildFile; fileRef = 833973FC27AAEDC2002E6AAA /* DivisionItem.swift */; };
		8352DE1A27A9A35C00E6276E /* AbsenceRecorderApp.swift in Sources */ = {isa = PBXBuildFile; fileRef = 8352DE1927A9A35C00E6276E /* AbsenceRecorderApp.swift */; };
		8352DE1C27A9A35C00E6276E /* ContentView.swift in Sources */ = {isa = PBXBuildFile; fileRef = 8352DE1B27A9A35C00E6276E /* ContentView.swift */; };
		8352DE1E27A9A36200E6276E /* Assets.xcassets in Resources */ = {isa = PBXBuildFile; fileRef = 8352DE1D27A9A36200E6276E /* Assets.xcassets */; };
		8352DE2127A9A36200E6276E /* Preview Assets.xcassets in Resources */ = {isa = PBXBuildFile; fileRef = 8352DE2027A9A36200E6276E /* Preview Assets.xcassets */; };
		8352DE2B27A9A36300E6276E /* AbsenceRecorderTests.swift in Sources */ = {isa = PBXBuildFile; fileRef = 8352DE2A27A9A36300E6276E /* AbsenceRecorderTests.swift */; };
		8352DE3527A9A36300E6276E /* AbsenceRecorderUITests.swift in Sources */ = {isa = PBXBuildFile; fileRef = 8352DE3427A9A36300E6276E /* AbsenceRecorderUITests.swift */; };
		8352DE3727A9A36300E6276E /* AbsenceRecorderUITestsLaunchTests.swift in Sources */ = {isa = PBXBuildFile; fileRef = 8352DE3627A9A36300E6276E /* AbsenceRecorderUITestsLaunchTests.swift */; };
		8352DE4627A9A86800E6276E /* Student.swift in Sources */ = {isa = PBXBuildFile; fileRef = 8352DE4527A9A86800E6276E /* Student.swift */; };
		8352DE4827A9A91700E6276E /* Division.swift in Sources */ = {isa = PBXBuildFile; fileRef = 8352DE4727A9A91700E6276E /* Division.swift */; };
/* End PBXBuildFile section */

/* Begin PBXContainerItemProxy section */
		8352DE2727A9A36300E6276E /* PBXContainerItemProxy */ = {
			isa = PBXContainerItemProxy;
			containerPortal = 8352DE0E27A9A35B00E6276E /* Project object */;
			proxyType = 1;
			remoteGlobalIDString = 8352DE1527A9A35C00E6276E;
			remoteInfo = AbsenceRecorder;
		};
		8352DE3127A9A36300E6276E /* PBXContainerItemProxy */ = {
			isa = PBXContainerItemProxy;
			containerPortal = 8352DE0E27A9A35B00E6276E /* Project object */;
			proxyType = 1;
			remoteGlobalIDString = 8352DE1527A9A35C00E6276E;
			remoteInfo = AbsenceRecorder;
		};
/* End PBXContainerItemProxy section */

/* Begin PBXFileReference section */
		833973F827AAE95D002E6AAA /* Date.swift */ = {isa = PBXFileReference; lastKnownFileType = sourcecode.swift; path = Date.swift; sourceTree = "<group>"; };
		833973FC27AAEDC2002E6AAA /* DivisionItem.swift */ = {isa = PBXFileReference; lastKnownFileType = sourcecode.swift; path = DivisionItem.swift; sourceTree = "<group>"; };
		8352DE1627A9A35C00E6276E /* AbsenceRecorder.app */ = {isa = PBXFileReference; explicitFileType = wrapper.application; includeInIndex = 0; path = AbsenceRecorder.app; sourceTree = BUILT_PRODUCTS_DIR; };
		8352DE1927A9A35C00E6276E /* AbsenceRecorderApp.swift */ = {isa = PBXFileReference; lastKnownFileType = sourcecode.swift; path = AbsenceRecorderApp.swift; sourceTree = "<group>"; };
		8352DE1B27A9A35C00E6276E /* ContentView.swift */ = {isa = PBXFileReference; lastKnownFileType = sourcecode.swift; path = ContentView.swift; sourceTree = "<group>"; };
		8352DE1D27A9A36200E6276E /* Assets.xcassets */ = {isa = PBXFileReference; lastKnownFileType = folder.assetcatalog; path = Assets.xcassets; sourceTree = "<group>"; };
		8352DE2027A9A36200E6276E /* Preview Assets.xcassets */ = {isa = PBXFileReference; lastKnownFileType = folder.assetcatalog; path = "Preview Assets.xcassets"; sourceTree = "<group>"; };
		8352DE2627A9A36300E6276E /* AbsenceRecorderTests.xctest */ = {isa = PBXFileReference; explicitFileType = wrapper.cfbundle; includeInIndex = 0; path = AbsenceRecorderTests.xctest; sourceTree = BUILT_PRODUCTS_DIR; };
		8352DE2A27A9A36300E6276E /* AbsenceRecorderTests.swift */ = {isa = PBXFileReference; lastKnownFileType = sourcecode.swift; path = AbsenceRecorderTests.swift; sourceTree = "<group>"; };
		8352DE3027A9A36300E6276E /* AbsenceRecorderUITests.xctest */ = {isa = PBXFileReference; explicitFileType = wrapper.cfbundle; includeInIndex = 0; path = AbsenceRecorderUITests.xctest; sourceTree = BUILT_PRODUCTS_DIR; };
		8352DE3427A9A36300E6276E /* AbsenceRecorderUITests.swift */ = {isa = PBXFileReference; lastKnownFileType = sourcecode.swift; path = AbsenceRecorderUITests.swift; sourceTree = "<group>"; };
		8352DE3627A9A36300E6276E /* AbsenceRecorderUITestsLaunchTests.swift */ = {isa = PBXFileReference; lastKnownFileType = sourcecode.swift; path = AbsenceRecorderUITestsLaunchTests.swift; sourceTree = "<group>"; };
		8352DE4527A9A86800E6276E /* Student.swift */ = {isa = PBXFileReference; lastKnownFileType = sourcecode.swift; path = Student.swift; sourceTree = "<group>"; };
		8352DE4727A9A91700E6276E /* Division.swift */ = {isa = PBXFileReference; lastKnownFileType = sourcecode.swift; path = Division.swift; sourceTree = "<group>"; };
/* End PBXFileReference section */

/* Begin PBXFrameworksBuildPhase section */
		8352DE1327A9A35C00E6276E /* Frameworks */ = {
			isa = PBXFrameworksBuildPhase;
			buildActionMask = 2147483647;
			files = (
			);
			runOnlyForDeploymentPostprocessing = 0;
		};
		8352DE2327A9A36300E6276E /* Frameworks */ = {
			isa = PBXFrameworksBuildPhase;
			buildActionMask = 2147483647;
			files = (
			);
			runOnlyForDeploymentPostprocessing = 0;
		};
		8352DE2D27A9A36300E6276E /* Frameworks */ = {
			isa = PBXFrameworksBuildPhase;
			buildActionMask = 2147483647;
			files = (
			);
			runOnlyForDeploymentPostprocessing = 0;
		};
/* End PBXFrameworksBuildPhase section */

/* Begin PBXGroup section */
		833973F727AAE948002E6AAA /* Extensions */ = {
			isa = PBXGroup;
			children = (
				833973F827AAE95D002E6AAA /* Date.swift */,
			);
			path = Extensions;
			sourceTree = "<group>";
		};
		8352DE0D27A9A35B00E6276E = {
			isa = PBXGroup;
			children = (
				8352DE1827A9A35C00E6276E /* AbsenceRecorder */,
				8352DE2927A9A36300E6276E /* AbsenceRecorderTests */,
				8352DE3327A9A36300E6276E /* AbsenceRecorderUITests */,
				8352DE1727A9A35C00E6276E /* Products */,
			);
			sourceTree = "<group>";
		};
		8352DE1727A9A35C00E6276E /* Products */ = {
			isa = PBXGroup;
			children = (
				8352DE1627A9A35C00E6276E /* AbsenceRecorder.app */,
				8352DE2627A9A36300E6276E /* AbsenceRecorderTests.xctest */,
				8352DE3027A9A36300E6276E /* AbsenceRecorderUITests.xctest */,
			);
			name = Products;
			sourceTree = "<group>";
		};
		8352DE1827A9A35C00E6276E /* AbsenceRecorder */ = {
			isa = PBXGroup;
			children = (
				833973F727AAE948002E6AAA /* Extensions */,
				8352DE4427A9A77900E6276E /* View */,
				8352DE4327A9A76300E6276E /* Model */,
				8352DE1927A9A35C00E6276E /* AbsenceRecorderApp.swift */,
				8352DE1D27A9A36200E6276E /* Assets.xcassets */,
				8352DE1F27A9A36200E6276E /* Preview Content */,
			);
			path = AbsenceRecorder;
			sourceTree = "<group>";
		};
		8352DE1F27A9A36200E6276E /* Preview Content */ = {
			isa = PBXGroup;
			children = (
				8352DE2027A9A36200E6276E /* Preview Assets.xcassets */,
			);
			path = "Preview Content";
			sourceTree = "<group>";
		};
		8352DE2927A9A36300E6276E /* AbsenceRecorderTests */ = {
			isa = PBXGroup;
			children = (
				8352DE2A27A9A36300E6276E /* AbsenceRecorderTests.swift */,
			);
			path = AbsenceRecorderTests;
			sourceTree = "<group>";
		};
		8352DE3327A9A36300E6276E /* AbsenceRecorderUITests */ = {
			isa = PBXGroup;
			children = (
				8352DE3427A9A36300E6276E /* AbsenceRecorderUITests.swift */,
				8352DE3627A9A36300E6276E /* AbsenceRecorderUITestsLaunchTests.swift */,
			);
			path = AbsenceRecorderUITests;
			sourceTree = "<group>";
		};
		8352DE4327A9A76300E6276E /* Model */ = {
			isa = PBXGroup;
			children = (
				8352DE4527A9A86800E6276E /* Student.swift */,
				8352DE4727A9A91700E6276E /* Division.swift */,
			);
			path = Model;
			sourceTree = "<group>";
		};
		8352DE4427A9A77900E6276E /* View */ = {
			isa = PBXGroup;
			children = (
				8352DE1B27A9A35C00E6276E /* ContentView.swift */,
				833973FC27AAEDC2002E6AAA /* DivisionItem.swift */,
			);
			path = View;
			sourceTree = "<group>";
		};
/* End PBXGroup section */

/* Begin PBXNativeTarget section */
		8352DE1527A9A35C00E6276E /* AbsenceRecorder */ = {
			isa = PBXNativeTarget;
			buildConfigurationList = 8352DE3A27A9A36300E6276E /* Build configuration list for PBXNativeTarget "AbsenceRecorder" */;
			buildPhases = (
				8352DE1227A9A35C00E6276E /* Sources */,
				8352DE1327A9A35C00E6276E /* Frameworks */,
				8352DE1427A9A35C00E6276E /* Resources */,
			);
			buildRules = (
			);
			dependencies = (
			);
			name = AbsenceRecorder;
			productName = AbsenceRecorder;
			productReference = 8352DE1627A9A35C00E6276E /* AbsenceRecorder.app */;
			productType = "com.apple.product-type.application";
		};
		8352DE2527A9A36300E6276E /* AbsenceRecorderTests */ = {
			isa = PBXNativeTarget;
			buildConfigurationList = 8352DE3D27A9A36300E6276E /* Build configuration list for PBXNativeTarget "AbsenceRecorderTests" */;
			buildPhases = (
				8352DE2227A9A36300E6276E /* Sources */,
				8352DE2327A9A36300E6276E /* Frameworks */,
				8352DE2427A9A36300E6276E /* Resources */,
			);
			buildRules = (
			);
			dependencies = (
				8352DE2827A9A36300E6276E /* PBXTargetDependency */,
			);
			name = AbsenceRecorderTests;
			productName = AbsenceRecorderTests;
			productReference = 8352DE2627A9A36300E6276E /* AbsenceRecorderTests.xctest */;
			productType = "com.apple.product-type.bundle.unit-test";
		};
		8352DE2F27A9A36300E6276E /* AbsenceRecorderUITests */ = {
			isa = PBXNativeTarget;
			buildConfigurationList = 8352DE4027A9A36300E6276E /* Build configuration list for PBXNativeTarget "AbsenceRecorderUITests" */;
			buildPhases = (
				8352DE2C27A9A36300E6276E /* Sources */,
				8352DE2D27A9A36300E6276E /* Frameworks */,
				8352DE2E27A9A36300E6276E /* Resources */,
			);
			buildRules = (
			);
			dependencies = (
				8352DE3227A9A36300E6276E /* PBXTargetDependency */,
			);
			name = AbsenceRecorderUITests;
			productName = AbsenceRecorderUITests;
			productReference = 8352DE3027A9A36300E6276E /* AbsenceRecorderUITests.xctest */;
			productType = "com.apple.product-type.bundle.ui-testing";
		};
/* End PBXNativeTarget section */

/* Begin PBXProject section */
		8352DE0E27A9A35B00E6276E /* Project object */ = {
			isa = PBXProject;
			attributes = {
				BuildIndependentTargetsInParallel = 1;
				LastSwiftUpdateCheck = 1320;
				LastUpgradeCheck = 1320;
				TargetAttributes = {
					8352DE1527A9A35C00E6276E = {
						CreatedOnToolsVersion = 13.2.1;
					};
					8352DE2527A9A36300E6276E = {
						CreatedOnToolsVersion = 13.2.1;
						TestTargetID = 8352DE1527A9A35C00E6276E;
					};
					8352DE2F27A9A36300E6276E = {
						CreatedOnToolsVersion = 13.2.1;
						TestTargetID = 8352DE1527A9A35C00E6276E;
					};
				};
			};
			buildConfigurationList = 8352DE1127A9A35C00E6276E /* Build configuration list for PBXProject "AbsenceRecorder" */;
			compatibilityVersion = "Xcode 13.0";
			developmentRegion = en;
			hasScannedForEncodings = 0;
			knownRegions = (
				en,
				Base,
			);
			mainGroup = 8352DE0D27A9A35B00E6276E;
			productRefGroup = 8352DE1727A9A35C00E6276E /* Products */;
			projectDirPath = "";
			projectRoot = "";
			targets = (
				8352DE1527A9A35C00E6276E /* AbsenceRecorder */,
				8352DE2527A9A36300E6276E /* AbsenceRecorderTests */,
				8352DE2F27A9A36300E6276E /* AbsenceRecorderUITests */,
			);
		};
/* End PBXProject section */

/* Begin PBXResourcesBuildPhase section */
		8352DE1427A9A35C00E6276E /* Resources */ = {
			isa = PBXResourcesBuildPhase;
			buildActionMask = 2147483647;
			files = (
				8352DE2127A9A36200E6276E /* Preview Assets.xcassets in Resources */,
				8352DE1E27A9A36200E6276E /* Assets.xcassets in Resources */,
			);
			runOnlyForDeploymentPostprocessing = 0;
		};
		8352DE2427A9A36300E6276E /* Resources */ = {
			isa = PBXResourcesBuildPhase;
			buildActionMask = 2147483647;
			files = (
			);
			runOnlyForDeploymentPostprocessing = 0;
		};
		8352DE2E27A9A36300E6276E /* Resources */ = {
			isa = PBXResourcesBuildPhase;
			buildActionMask = 2147483647;
			files = (
			);
			runOnlyForDeploymentPostprocessing = 0;
		};
/* End PBXResourcesBuildPhase section */

/* Begin PBXSourcesBuildPhase section */
		8352DE1227A9A35C00E6276E /* Sources */ = {
			isa = PBXSourcesBuildPhase;
			buildActionMask = 2147483647;
			files = (
				8352DE1C27A9A35C00E6276E /* ContentView.swift in Sources */,
				833973F927AAE95D002E6AAA /* Date.swift in Sources */,
				8352DE4627A9A86800E6276E /* Student.swift in Sources */,
				8352DE4827A9A91700E6276E /* Division.swift in Sources */,
				8352DE1A27A9A35C00E6276E /* AbsenceRecorderApp.swift in Sources */,
				833973FD27AAEDC2002E6AAA /* DivisionItem.swift in Sources */,
			);
			runOnlyForDeploymentPostprocessing = 0;
		};
		8352DE2227A9A36300E6276E /* Sources */ = {
			isa = PBXSourcesBuildPhase;
			buildActionMask = 2147483647;
			files = (
				8352DE2B27A9A36300E6276E /* AbsenceRecorderTests.swift in Sources */,
			);
			runOnlyForDeploymentPostprocessing = 0;
		};
		8352DE2C27A9A36300E6276E /* Sources */ = {
			isa = PBXSourcesBuildPhase;
			buildActionMask = 2147483647;
			files = (
				8352DE3727A9A36300E6276E /* AbsenceRecorderUITestsLaunchTests.swift in Sources */,
				8352DE3527A9A36300E6276E /* AbsenceRecorderUITests.swift in Sources */,
			);
			runOnlyForDeploymentPostprocessing = 0;
		};
/* End PBXSourcesBuildPhase section */

/* Begin PBXTargetDependency section */
		8352DE2827A9A36300E6276E /* PBXTargetDependency */ = {
			isa = PBXTargetDependency;
			target = 8352DE1527A9A35C00E6276E /* AbsenceRecorder */;
			targetProxy = 8352DE2727A9A36300E6276E /* PBXContainerItemProxy */;
		};
		8352DE3227A9A36300E6276E /* PBXTargetDependency */ = {
			isa = PBXTargetDependency;
			target = 8352DE1527A9A35C00E6276E /* AbsenceRecorder */;
			targetProxy = 8352DE3127A9A36300E6276E /* PBXContainerItemProxy */;
		};
/* End PBXTargetDependency section */

/* Begin XCBuildConfiguration section */
		8352DE3827A9A36300E6276E /* Debug */ = {
			isa = XCBuildConfiguration;
			buildSettings = {
				ALWAYS_SEARCH_USER_PATHS = NO;
				CLANG_ANALYZER_NONNULL = YES;
				CLANG_ANALYZER_NUMBER_OBJECT_CONVERSION = YES_AGGRESSIVE;
				CLANG_CXX_LANGUAGE_STANDARD = "gnu++17";
				CLANG_CXX_LIBRARY = "libc++";
				CLANG_ENABLE_MODULES = YES;
				CLANG_ENABLE_OBJC_ARC = YES;
				CLANG_ENABLE_OBJC_WEAK = YES;
				CLANG_WARN_BLOCK_CAPTURE_AUTORELEASING = YES;
				CLANG_WARN_BOOL_CONVERSION = YES;
				CLANG_WARN_COMMA = YES;
				CLANG_WARN_CONSTANT_CONVERSION = YES;
				CLANG_WARN_DEPRECATED_OBJC_IMPLEMENTATIONS = YES;
				CLANG_WARN_DIRECT_OBJC_ISA_USAGE = YES_ERROR;
				CLANG_WARN_DOCUMENTATION_COMMENTS = YES;
				CLANG_WARN_EMPTY_BODY = YES;
				CLANG_WARN_ENUM_CONVERSION = YES;
				CLANG_WARN_INFINITE_RECURSION = YES;
				CLANG_WARN_INT_CONVERSION = YES;
				CLANG_WARN_NON_LITERAL_NULL_CONVERSION = YES;
				CLANG_WARN_OBJC_IMPLICIT_RETAIN_SELF = YES;
				CLANG_WARN_OBJC_LITERAL_CONVERSION = YES;
				CLANG_WARN_OBJC_ROOT_CLASS = YES_ERROR;
				CLANG_WARN_QUOTED_INCLUDE_IN_FRAMEWORK_HEADER = YES;
				CLANG_WARN_RANGE_LOOP_ANALYSIS = YES;
				CLANG_WARN_STRICT_PROTOTYPES = YES;
				CLANG_WARN_SUSPICIOUS_MOVE = YES;
				CLANG_WARN_UNGUARDED_AVAILABILITY = YES_AGGRESSIVE;
				CLANG_WARN_UNREACHABLE_CODE = YES;
				CLANG_WARN__DUPLICATE_METHOD_MATCH = YES;
				COPY_PHASE_STRIP = NO;
				DEBUG_INFORMATION_FORMAT = dwarf;
				ENABLE_STRICT_OBJC_MSGSEND = YES;
				ENABLE_TESTABILITY = YES;
				GCC_C_LANGUAGE_STANDARD = gnu11;
				GCC_DYNAMIC_NO_PIC = NO;
				GCC_NO_COMMON_BLOCKS = YES;
				GCC_OPTIMIZATION_LEVEL = 0;
				GCC_PREPROCESSOR_DEFINITIONS = (
					"DEBUG=1",
					"$(inherited)",
				);
				GCC_WARN_64_TO_32_BIT_CONVERSION = YES;
				GCC_WARN_ABOUT_RETURN_TYPE = YES_ERROR;
				GCC_WARN_UNDECLARED_SELECTOR = YES;
				GCC_WARN_UNINITIALIZED_AUTOS = YES_AGGRESSIVE;
				GCC_WARN_UNUSED_FUNCTION = YES;
				GCC_WARN_UNUSED_VARIABLE = YES;
				IPHONEOS_DEPLOYMENT_TARGET = 15.2;
				MTL_ENABLE_DEBUG_INFO = INCLUDE_SOURCE;
				MTL_FAST_MATH = YES;
				ONLY_ACTIVE_ARCH = YES;
				SDKROOT = iphoneos;
				SWIFT_ACTIVE_COMPILATION_CONDITIONS = DEBUG;
				SWIFT_OPTIMIZATION_LEVEL = "-Onone";
			};
			name = Debug;
		};
		8352DE3927A9A36300E6276E /* Release */ = {
			isa = XCBuildConfiguration;
			buildSettings = {
				ALWAYS_SEARCH_USER_PATHS = NO;
				CLANG_ANALYZER_NONNULL = YES;
				CLANG_ANALYZER_NUMBER_OBJECT_CONVERSION = YES_AGGRESSIVE;
				CLANG_CXX_LANGUAGE_STANDARD = "gnu++17";
				CLANG_CXX_LIBRARY = "libc++";
				CLANG_ENABLE_MODULES = YES;
				CLANG_ENABLE_OBJC_ARC = YES;
				CLANG_ENABLE_OBJC_WEAK = YES;
				CLANG_WARN_BLOCK_CAPTURE_AUTORELEASING = YES;
				CLANG_WARN_BOOL_CONVERSION = YES;
				CLANG_WARN_COMMA = YES;
				CLANG_WARN_CONSTANT_CONVERSION = YES;
				CLANG_WARN_DEPRECATED_OBJC_IMPLEMENTATIONS = YES;
				CLANG_WARN_DIRECT_OBJC_ISA_USAGE = YES_ERROR;
				CLANG_WARN_DOCUMENTATION_COMMENTS = YES;
				CLANG_WARN_EMPTY_BODY = YES;
				CLANG_WARN_ENUM_CONVERSION = YES;
				CLANG_WARN_INFINITE_RECURSION = YES;
				CLANG_WARN_INT_CONVERSION = YES;
				CLANG_WARN_NON_LITERAL_NULL_CONVERSION = YES;
				CLANG_WARN_OBJC_IMPLICIT_RETAIN_SELF = YES;
				CLANG_WARN_OBJC_LITERAL_CONVERSION = YES;
				CLANG_WARN_OBJC_ROOT_CLASS = YES_ERROR;
				CLANG_WARN_QUOTED_INCLUDE_IN_FRAMEWORK_HEADER = YES;
				CLANG_WARN_RANGE_LOOP_ANALYSIS = YES;
				CLANG_WARN_STRICT_PROTOTYPES = YES;
				CLANG_WARN_SUSPICIOUS_MOVE = YES;
				CLANG_WARN_UNGUARDED_AVAILABILITY = YES_AGGRESSIVE;
				CLANG_WARN_UNREACHABLE_CODE = YES;
				CLANG_WARN__DUPLICATE_METHOD_MATCH = YES;
				COPY_PHASE_STRIP = NO;
				DEBUG_INFORMATION_FORMAT = "dwarf-with-dsym";
				ENABLE_NS_ASSERTIONS = NO;
				ENABLE_STRICT_OBJC_MSGSEND = YES;
				GCC_C_LANGUAGE_STANDARD = gnu11;
				GCC_NO_COMMON_BLOCKS = YES;
				GCC_WARN_64_TO_32_BIT_CONVERSION = YES;
				GCC_WARN_ABOUT_RETURN_TYPE = YES_ERROR;
				GCC_WARN_UNDECLARED_SELECTOR = YES;
				GCC_WARN_UNINITIALIZED_AUTOS = YES_AGGRESSIVE;
				GCC_WARN_UNUSED_FUNCTION = YES;
				GCC_WARN_UNUSED_VARIABLE = YES;
				IPHONEOS_DEPLOYMENT_TARGET = 15.2;
				MTL_ENABLE_DEBUG_INFO = NO;
				MTL_FAST_MATH = YES;
				SDKROOT = iphoneos;
				SWIFT_COMPILATION_MODE = wholemodule;
				SWIFT_OPTIMIZATION_LEVEL = "-O";
				VALIDATE_PRODUCT = YES;
			};
			name = Release;
		};
		8352DE3B27A9A36300E6276E /* Debug */ = {
			isa = XCBuildConfiguration;
			buildSettings = {
				ASSETCATALOG_COMPILER_APPICON_NAME = AppIcon;
				ASSETCATALOG_COMPILER_GLOBAL_ACCENT_COLOR_NAME = AccentColor;
				CODE_SIGN_STYLE = Automatic;
				CURRENT_PROJECT_VERSION = 1;
				DEVELOPMENT_ASSET_PATHS = "\"AbsenceRecorder/Preview Content\"";
				ENABLE_PREVIEWS = YES;
				GENERATE_INFOPLIST_FILE = YES;
				INFOPLIST_KEY_UIApplicationSceneManifest_Generation = YES;
				INFOPLIST_KEY_UIApplicationSupportsIndirectInputEvents = YES;
				INFOPLIST_KEY_UILaunchScreen_Generation = YES;
				INFOPLIST_KEY_UISupportedInterfaceOrientations_iPad = "UIInterfaceOrientationPortrait UIInterfaceOrientationPortraitUpsideDown UIInterfaceOrientationLandscapeLeft UIInterfaceOrientationLandscapeRight";
				INFOPLIST_KEY_UISupportedInterfaceOrientations_iPhone = "UIInterfaceOrientationPortrait UIInterfaceOrientationLandscapeLeft UIInterfaceOrientationLandscapeRight";
				LD_RUNPATH_SEARCH_PATHS = (
					"$(inherited)",
					"@executable_path/Frameworks",
				);
				MARKETING_VERSION = 1.0;
				PRODUCT_BUNDLE_IDENTIFIER = com.Sibson.h.AbsenceRecorder;
				PRODUCT_NAME = "$(TARGET_NAME)";
				SWIFT_EMIT_LOC_STRINGS = YES;
				SWIFT_VERSION = 5.0;
				TARGETED_DEVICE_FAMILY = "1,2";
			};
			name = Debug;
		};
		8352DE3C27A9A36300E6276E /* Release */ = {
			isa = XCBuildConfiguration;
			buildSettings = {
				ASSETCATALOG_COMPILER_APPICON_NAME = AppIcon;
				ASSETCATALOG_COMPILER_GLOBAL_ACCENT_COLOR_NAME = AccentColor;
				CODE_SIGN_STYLE = Automatic;
				CURRENT_PROJECT_VERSION = 1;
				DEVELOPMENT_ASSET_PATHS = "\"AbsenceRecorder/Preview Content\"";
				ENABLE_PREVIEWS = YES;
				GENERATE_INFOPLIST_FILE = YES;
				INFOPLIST_KEY_UIApplicationSceneManifest_Generation = YES;
				INFOPLIST_KEY_UIApplicationSupportsIndirectInputEvents = YES;
				INFOPLIST_KEY_UILaunchScreen_Generation = YES;
				INFOPLIST_KEY_UISupportedInterfaceOrientations_iPad = "UIInterfaceOrientationPortrait UIInterfaceOrientationPortraitUpsideDown UIInterfaceOrientationLandscapeLeft UIInterfaceOrientationLandscapeRight";
				INFOPLIST_KEY_UISupportedInterfaceOrientations_iPhone = "UIInterfaceOrientationPortrait UIInterfaceOrientationLandscapeLeft UIInterfaceOrientationLandscapeRight";
				LD_RUNPATH_SEARCH_PATHS = (
					"$(inherited)",
					"@executable_path/Frameworks",
				);
				MARKETING_VERSION = 1.0;
				PRODUCT_BUNDLE_IDENTIFIER = com.Sibson.h.AbsenceRecorder;
				PRODUCT_NAME = "$(TARGET_NAME)";
				SWIFT_EMIT_LOC_STRINGS = YES;
				SWIFT_VERSION = 5.0;
				TARGETED_DEVICE_FAMILY = "1,2";
			};
			name = Release;
		};
		8352DE3E27A9A36300E6276E /* Debug */ = {
			isa = XCBuildConfiguration;
			buildSettings = {
				ALWAYS_EMBED_SWIFT_STANDARD_LIBRARIES = YES;
				BUNDLE_LOADER = "$(TEST_HOST)";
				CODE_SIGN_STYLE = Automatic;
				CURRENT_PROJECT_VERSION = 1;
				GENERATE_INFOPLIST_FILE = YES;
				IPHONEOS_DEPLOYMENT_TARGET = 15.2;
				MARKETING_VERSION = 1.0;
				PRODUCT_BUNDLE_IDENTIFIER = com.Sibson.h.AbsenceRecorderTests;
				PRODUCT_NAME = "$(TARGET_NAME)";
				SWIFT_EMIT_LOC_STRINGS = NO;
				SWIFT_VERSION = 5.0;
				TARGETED_DEVICE_FAMILY = "1,2";
				TEST_HOST = "$(BUILT_PRODUCTS_DIR)/AbsenceRecorder.app/AbsenceRecorder";
			};
			name = Debug;
		};
		8352DE3F27A9A36300E6276E /* Release */ = {
			isa = XCBuildConfiguration;
			buildSettings = {
				ALWAYS_EMBED_SWIFT_STANDARD_LIBRARIES = YES;
				BUNDLE_LOADER = "$(TEST_HOST)";
				CODE_SIGN_STYLE = Automatic;
				CURRENT_PROJECT_VERSION = 1;
				GENERATE_INFOPLIST_FILE = YES;
				IPHONEOS_DEPLOYMENT_TARGET = 15.2;
				MARKETING_VERSION = 1.0;
				PRODUCT_BUNDLE_IDENTIFIER = com.Sibson.h.AbsenceRecorderTests;
				PRODUCT_NAME = "$(TARGET_NAME)";
				SWIFT_EMIT_LOC_STRINGS = NO;
				SWIFT_VERSION = 5.0;
				TARGETED_DEVICE_FAMILY = "1,2";
				TEST_HOST = "$(BUILT_PRODUCTS_DIR)/AbsenceRecorder.app/AbsenceRecorder";
			};
			name = Release;
		};
		8352DE4127A9A36300E6276E /* Debug */ = {
			isa = XCBuildConfiguration;
			buildSettings = {
				ALWAYS_EMBED_SWIFT_STANDARD_LIBRARIES = YES;
				CODE_SIGN_STYLE = Automatic;
				CURRENT_PROJECT_VERSION = 1;
				GENERATE_INFOPLIST_FILE = YES;
				MARKETING_VERSION = 1.0;
				PRODUCT_BUNDLE_IDENTIFIER = com.Sibson.h.AbsenceRecorderUITests;
				PRODUCT_NAME = "$(TARGET_NAME)";
				SWIFT_EMIT_LOC_STRINGS = NO;
				SWIFT_VERSION = 5.0;
				TARGETED_DEVICE_FAMILY = "1,2";
				TEST_TARGET_NAME = AbsenceRecorder;
			};
			name = Debug;
		};
		8352DE4227A9A36300E6276E /* Release */ = {
			isa = XCBuildConfiguration;
			buildSettings = {
				ALWAYS_EMBED_SWIFT_STANDARD_LIBRARIES = YES;
				CODE_SIGN_STYLE = Automatic;
				CURRENT_PROJECT_VERSION = 1;
				GENERATE_INFOPLIST_FILE = YES;
				MARKETING_VERSION = 1.0;
				PRODUCT_BUNDLE_IDENTIFIER = com.Sibson.h.AbsenceRecorderUITests;
				PRODUCT_NAME = "$(TARGET_NAME)";
				SWIFT_EMIT_LOC_STRINGS = NO;
				SWIFT_VERSION = 5.0;
				TARGETED_DEVICE_FAMILY = "1,2";
				TEST_TARGET_NAME = AbsenceRecorder;
			};
			name = Release;
		};
/* End XCBuildConfiguration section */

/* Begin XCConfigurationList section */
		8352DE1127A9A35C00E6276E /* Build configuration list for PBXProject "AbsenceRecorder" */ = {
			isa = XCConfigurationList;
			buildConfigurations = (
				8352DE3827A9A36300E6276E /* Debug */,
				8352DE3927A9A36300E6276E /* Release */,
			);
			defaultConfigurationIsVisible = 0;
			defaultConfigurationName = Release;
		};
		8352DE3A27A9A36300E6276E /* Build configuration list for PBXNativeTarget "AbsenceRecorder" */ = {
			isa = XCConfigurationList;
			buildConfigurations = (
				8352DE3B27A9A36300E6276E /* Debug */,
				8352DE3C27A9A36300E6276E /* Release */,
			);
			defaultConfigurationIsVisible = 0;
			defaultConfigurationName = Release;
		};
		8352DE3D27A9A36300E6276E /* Build configuration list for PBXNativeTarget "AbsenceRecorderTests" */ = {
			isa = XCConfigurationList;
			buildConfigurations = (
				8352DE3E27A9A36300E6276E /* Debug */,
				8352DE3F27A9A36300E6276E /* Release */,
			);
			defaultConfigurationIsVisible = 0;
			defaultConfigurationName = Release;
		};
		8352DE4027A9A36300E6276E /* Build configuration list for PBXNativeTarget "AbsenceRecorderUITests" */ = {
			isa = XCConfigurationList;
			buildConfigurations = (
				8352DE4127A9A36300E6276E /* Debug */,
				8352DE4227A9A36300E6276E /* Release */,
			);
			defaultConfigurationIsVisible = 0;
			defaultConfigurationName = Release;
		};
/* End XCConfigurationList section */
	};
	rootObject = 8352DE0E27A9A35B00E6276E /* Project object */;
}
